
Microsoft Visual Studio Solution File, Format Version 12.00
# Visual Studio 15
VisualStudioVersion = 15.0.26124.0
MinimumVisualStudioVersion = 15.0.26124.0
Project("{FAE04EC0-301F-11D3-BF4B-00C04F79EFBC}") = "SimpleI18n", "SimpleI18n\SimpleI18n.csproj", "{FE774640-7195-4B61-BF9C-94905871F571}"
EndProject
Project("{FAE04EC0-301F-11D3-BF4B-00C04F79EFBC}") = "SimpleI18n.Test", "SimpleI18n.Test\SimpleI18n.Test.csproj", "{5F45388F-163F-455C-9B04-FAC6A3C7A7C3}"
EndProject
Global
	GlobalSection(SolutionConfigurationPlatforms) = preSolution
		Debug|Any CPU = Debug|Any CPU
		Debug|x64 = Debug|x64
		Debug|x86 = Debug|x86
		Release|Any CPU = Release|Any CPU
		Release|x64 = Release|x64
		Release|x86 = Release|x86
	EndGlobalSection
	GlobalSection(SolutionProperties) = preSolution
		HideSolutionNode = FALSE
	EndGlobalSection
	GlobalSection(ProjectConfigurationPlatforms) = postSolution
		{FE774640-7195-4B61-BF9C-94905871F571}.Debug|Any CPU.ActiveCfg = Debug|Any CPU
		{FE774640-7195-4B61-BF9C-94905871F571}.Debug|Any CPU.Build.0 = Debug|Any CPU
		{FE774640-7195-4B61-BF9C-94905871F571}.Debug|x64.ActiveCfg = Debug|Any CPU
		{FE774640-7195-4B61-BF9C-94905871F571}.Debug|x64.Build.0 = Debug|Any CPU
		{FE774640-7195-4B61-BF9C-94905871F571}.Debug|x86.ActiveCfg = Debug|Any CPU
		{FE774640-7195-4B61-BF9C-94905871F571}.Debug|x86.Build.0 = Debug|Any CPU
		{FE774640-7195-4B61-BF9C-94905871F571}.Release|Any CPU.ActiveCfg = Release|Any CPU
		{FE774640-7195-4B61-BF9C-94905871F571}.Release|Any CPU.Build.0 = Release|Any CPU
		{FE774640-7195-4B61-BF9C-94905871F571}.Release|x64.ActiveCfg = Release|Any CPU
		{FE774640-7195-4B61-BF9C-94905871F571}.Release|x64.Build.0 = Release|Any CPU
		{FE774640-7195-4B61-BF9C-94905871F571}.Release|x86.ActiveCfg = Release|Any CPU
		{FE774640-7195-4B61-BF9C-94905871F571}.Release|x86.Build.0 = Release|Any CPU
		{5F45388F-163F-455C-9B04-FAC6A3C7A7C3}.Debug|Any CPU.ActiveCfg = Debug|Any CPU
		{5F45388F-163F-455C-9B04-FAC6A3C7A7C3}.Debug|Any CPU.Build.0 = Debug|Any CPU
		{5F45388F-163F-455C-9B04-FAC6A3C7A7C3}.Debug|x64.ActiveCfg = Debug|Any CPU
		{5F45388F-163F-455C-9B04-FAC6A3C7A7C3}.Debug|x64.Build.0 = Debug|Any CPU
		{5F45388F-163F-455C-9B04-FAC6A3C7A7C3}.Debug|x86.ActiveCfg = Debug|Any CPU
		{5F45388F-163F-455C-9B04-FAC6A3C7A7C3}.Debug|x86.Build.0 = Debug|Any CPU
		{5F45388F-163F-455C-9B04-FAC6A3C7A7C3}.Release|Any CPU.ActiveCfg = Release|Any CPU
		{5F45388F-163F-455C-9B04-FAC6A3C7A7C3}.Release|Any CPU.Build.0 = Release|Any CPU
		{5F45388F-163F-455C-9B04-FAC6A3C7A7C3}.Release|x64.ActiveCfg = Release|Any CPU
		{5F45388F-163F-455C-9B04-FAC6A3C7A7C3}.Release|x64.Build.0 = Release|Any CPU
		{5F45388F-163F-455C-9B04-FAC6A3C7A7C3}.Release|x86.ActiveCfg = Release|Any CPU
		{5F45388F-163F-455C-9B04-FAC6A3C7A7C3}.Release|x86.Build.0 = Release|Any CPU
	EndGlobalSection
EndGlobal
